
Microsoft Visual Studio Solution File, Format Version 12.00
# Visual Studio Version 16
VisualStudioVersion = 16.0.31613.86
MinimumVisualStudioVersion = 10.0.40219.1
Project("{8BC9CEB8-8B4A-11D0-8D11-00A0C91BC942}") = "mfc", "mfc\mfc.vcxproj", "{520BC29E-B035-4AC4-B14F-18F55996645D}"
EndProject
Project("{8BC9CEB8-8B4A-11D0-8D11-00A0C91BC942}") = "MFCGuide", "MFCGuide\MFCGuide.vcxproj", "{775F9596-0FD9-480E-B9D2-8189A689FBD0}"
EndProject
Project("{8BC9CEB8-8B4A-11D0-8D11-00A0C91BC942}") = "windows", "windows\windows.vcxproj", "{75F4DB6B-8772-4A18-8F98-EDC179C6DD2D}"
EndProject
Project("{2150E333-8FDC-42A3-9474-1A3956D46DE8}") = "00", "00", "{55F0776F-4740-4ACD-84CC-7590CF05A48E}"
EndProject
Project("{2150E333-8FDC-42A3-9474-1A3956D46DE8}") = "01", "01", "{792F0CF6-DB7F-41CB-8598-CC9B10B01DB3}"
EndProject
Project("{2150E333-8FDC-42A3-9474-1A3956D46DE8}") = "02", "02", "{ECB1EB09-7E14-4AF5-8685-B5B4D0873357}"
EndProject
Project("{2150E333-8FDC-42A3-9474-1A3956D46DE8}") = "03", "03", "{4FA1F51A-A3BA-4202-A9BD-AA9A270D65C5}"
EndProject
Project("{8BC9CEB8-8B4A-11D0-8D11-00A0C91BC942}") = "01 Dialog", "01 Dialog\01 Dialog.vcxproj", "{93DD05FD-358E-4103-BE53-3E6861EC9059}"
EndProject
Project("{8BC9CEB8-8B4A-11D0-8D11-00A0C91BC942}") = "02 StaticText", "02 StaticText\02 StaticText.vcxproj", "{6FE1B392-51B9-4BF3-9FFE-A59AE8501AAA}"
EndProject
Global
	GlobalSection(SolutionConfigurationPlatforms) = preSolution
		Debug|x64 = Debug|x64
		Debug|x86 = Debug|x86
		Release|x64 = Release|x64
		Release|x86 = Release|x86
	EndGlobalSection
	GlobalSection(ProjectConfigurationPlatforms) = postSolution
		{520BC29E-B035-4AC4-B14F-18F55996645D}.Debug|x64.ActiveCfg = Debug|x64
		{520BC29E-B035-4AC4-B14F-18F55996645D}.Debug|x64.Build.0 = Debug|x64
		{520BC29E-B035-4AC4-B14F-18F55996645D}.Debug|x86.ActiveCfg = Debug|Win32
		{520BC29E-B035-4AC4-B14F-18F55996645D}.Debug|x86.Build.0 = Debug|Win32
		{520BC29E-B035-4AC4-B14F-18F55996645D}.Release|x64.ActiveCfg = Release|x64
		{520BC29E-B035-4AC4-B14F-18F55996645D}.Release|x64.Build.0 = Release|x64
		{520BC29E-B035-4AC4-B14F-18F55996645D}.Release|x86.ActiveCfg = Release|Win32
		{520BC29E-B035-4AC4-B14F-18F55996645D}.Release|x86.Build.0 = Release|Win32
		{775F9596-0FD9-480E-B9D2-8189A689FBD0}.Debug|x64.ActiveCfg = Debug|x64
		{775F9596-0FD9-480E-B9D2-8189A689FBD0}.Debug|x64.Build.0 = Debug|x64
		{775F9596-0FD9-480E-B9D2-8189A689FBD0}.Debug|x86.ActiveCfg = Debug|Win32
		{775F9596-0FD9-480E-B9D2-8189A689FBD0}.Debug|x86.Build.0 = Debug|Win32
		{775F9596-0FD9-480E-B9D2-8189A689FBD0}.Release|x64.ActiveCfg = Release|x64
		{775F9596-0FD9-480E-B9D2-8189A689FBD0}.Release|x64.Build.0 = Release|x64
		{775F9596-0FD9-480E-B9D2-8189A689FBD0}.Release|x86.ActiveCfg = Release|Win32
		{775F9596-0FD9-480E-B9D2-8189A689FBD0}.Release|x86.Build.0 = Release|Win32
		{75F4DB6B-8772-4A18-8F98-EDC179C6DD2D}.Debug|x64.ActiveCfg = Debug|x64
		{75F4DB6B-8772-4A18-8F98-EDC179C6DD2D}.Debug|x64.Build.0 = Debug|x64
		{75F4DB6B-8772-4A18-8F98-EDC179C6DD2D}.Debug|x86.ActiveCfg = Debug|Win32
		{75F4DB6B-8772-4A18-8F98-EDC179C6DD2D}.Debug|x86.Build.0 = Debug|Win32
		{75F4DB6B-8772-4A18-8F98-EDC179C6DD2D}.Release|x64.ActiveCfg = Release|x64
		{75F4DB6B-8772-4A18-8F98-EDC179C6DD2D}.Release|x64.Build.0 = Release|x64
		{75F4DB6B-8772-4A18-8F98-EDC179C6DD2D}.Release|x86.ActiveCfg = Release|Win32
		{75F4DB6B-8772-4A18-8F98-EDC179C6DD2D}.Release|x86.Build.0 = Release|Win32
		{93DD05FD-358E-4103-BE53-3E6861EC9059}.Debug|x64.ActiveCfg = Debug|x64
		{93DD05FD-358E-4103-BE53-3E6861EC9059}.Debug|x64.Build.0 = Debug|x64
		{93DD05FD-358E-4103-BE53-3E6861EC9059}.Debug|x86.ActiveCfg = Debug|Win32
		{93DD05FD-358E-4103-BE53-3E6861EC9059}.Debug|x86.Build.0 = Debug|Win32
		{93DD05FD-358E-4103-BE53-3E6861EC9059}.Release|x64.ActiveCfg = Release|x64
		{93DD05FD-358E-4103-BE53-3E6861EC9059}.Release|x64.Build.0 = Release|x64
		{93DD05FD-358E-4103-BE53-3E6861EC9059}.Release|x86.ActiveCfg = Release|Win32
		{93DD05FD-358E-4103-BE53-3E6861EC9059}.Release|x86.Build.0 = Release|Win32
		{6FE1B392-51B9-4BF3-9FFE-A59AE8501AAA}.Debug|x64.ActiveCfg = Debug|x64
		{6FE1B392-51B9-4BF3-9FFE-A59AE8501AAA}.Debug|x64.Build.0 = Debug|x64
		{6FE1B392-51B9-4BF3-9FFE-A59AE8501AAA}.Debug|x86.ActiveCfg = Debug|Win32
		{6FE1B392-51B9-4BF3-9FFE-A59AE8501AAA}.Debug|x86.Build.0 = Debug|Win32
		{6FE1B392-51B9-4BF3-9FFE-A59AE8501AAA}.Release|x64.ActiveCfg = Release|x64
		{6FE1B392-51B9-4BF3-9FFE-A59AE8501AAA}.Release|x64.Build.0 = Release|x64
		{6FE1B392-51B9-4BF3-9FFE-A59AE8501AAA}.Release|x86.ActiveCfg = Release|Win32
		{6FE1B392-51B9-4BF3-9FFE-A59AE8501AAA}.Release|x86.Build.0 = Release|Win32
	EndGlobalSection
	GlobalSection(SolutionProperties) = preSolution
		HideSolutionNode = FALSE
	EndGlobalSection
	GlobalSection(NestedProjects) = preSolution
		{520BC29E-B035-4AC4-B14F-18F55996645D} = {792F0CF6-DB7F-41CB-8598-CC9B10B01DB3}
		{775F9596-0FD9-480E-B9D2-8189A689FBD0} = {ECB1EB09-7E14-4AF5-8685-B5B4D0873357}
		{75F4DB6B-8772-4A18-8F98-EDC179C6DD2D} = {55F0776F-4740-4ACD-84CC-7590CF05A48E}
		{93DD05FD-358E-4103-BE53-3E6861EC9059} = {4FA1F51A-A3BA-4202-A9BD-AA9A270D65C5}
		{6FE1B392-51B9-4BF3-9FFE-A59AE8501AAA} = {4FA1F51A-A3BA-4202-A9BD-AA9A270D65C5}
	EndGlobalSection
	GlobalSection(ExtensibilityGlobals) = postSolution
		SolutionGuid = {F410F040-0A41-497D-984A-FBF2F0C05BC1}
	EndGlobalSection
EndGlobal
